
Microsoft Visual Studio Solution File, Format Version 12.00
# Visual Studio Version 16
VisualStudioVersion = 16.0.32602.291
MinimumVisualStudioVersion = 10.0.40219.1
Project("{9A19103F-16F7-4668-BE54-9A1E7A4F7556}") = "VHVRCamera", "VHVRCamera.csproj", "{C284A17F-E70D-4C48-8DD4-F016B0A3555F}"
EndProject
Global
	GlobalSection(SolutionConfigurationPlatforms) = preSolution
		Debug|Any CPU = Debug|Any CPU
		Release|Any CPU = Release|Any CPU
	EndGlobalSection
	GlobalSection(ProjectConfigurationPlatforms) = postSolution
		{C284A17F-E70D-4C48-8DD4-F016B0A3555F}.Debug|Any CPU.ActiveCfg = Debug|Any CPU
		{C284A17F-E70D-4C48-8DD4-F016B0A3555F}.Debug|Any CPU.Build.0 = Debug|Any CPU
		{C284A17F-E70D-4C48-8DD4-F016B0A3555F}.Release|Any CPU.ActiveCfg = Release|Any CPU
		{C284A17F-E70D-4C48-8DD4-F016B0A3555F}.Release|Any CPU.Build.0 = Release|Any CPU
	EndGlobalSection
	GlobalSection(SolutionProperties) = preSolution
		HideSolutionNode = FALSE
	EndGlobalSection
	GlobalSection(ExtensibilityGlobals) = postSolution
		SolutionGuid = {10D1F67E-7A8A-4E8D-84F5-259C8EBB1B9A}
	EndGlobalSection
EndGlobal
